{
  "version": 4,
  "terraform_version": "1.10.1",
  "serial": 89,
  "lineage": "6a94e29d-7327-7b61-6df4-92c766056dfa",
  "outputs": {},
  "resources": [
    {
      "mode": "managed",
      "type": "proxmox_virtual_environment_download_file",
      "name": "latest_ubuntu_22_jammy_qcow2_img",
      "provider": "provider[\"registry.terraform.io/bpg/proxmox\"]",
      "instances": [
        {
          "schema_version": 0,
          "attributes": {
            "checksum": null,
            "checksum_algorithm": null,
            "content_type": "iso",
            "datastore_id": "local",
            "decompression_algorithm": null,
            "file_name": "jammy-server-cloudimg-amd64.img",
            "id": "local:iso/jammy-server-cloudimg-amd64.img",
            "node_name": "proxmox",
            "overwrite": true,
            "overwrite_unmanaged": false,
            "size": 665347072,
            "upload_timeout": 600,
            "url": "https://cloud-images.ubuntu.com/jammy/current/jammy-server-cloudimg-amd64.img",
            "verify": false
          },
          "sensitive_attributes": [],
          "private": "eyJvcmlnaW5hbF9zdGF0ZV9zaXplIjoiTmpZMU16UTNNRGN5IiwidXJsX3NpemUiOiJOalkxTXpRM01EY3kifQ=="
        }
      ]
    },
    {
      "mode": "managed",
      "type": "proxmox_virtual_environment_vm",
      "name": "controlplane-node",
      "provider": "provider[\"registry.terraform.io/bpg/proxmox\"]",
      "instances": [
        {
          "schema_version": 0,
          "attributes": {
            "acpi": true,
            "agent": [
              {
                "enabled": false,
                "timeout": "15m",
                "trim": false,
                "type": "virtio"
              }
            ],
            "audio_device": [],
            "bios": "seabios",
            "boot_order": null,
            "cdrom": [],
            "clone": [],
            "cpu": [
              {
                "affinity": "",
                "architecture": "",
                "cores": 2,
                "flags": [],
                "hotplugged": 0,
                "limit": 0,
                "numa": false,
                "sockets": 1,
                "type": "x86-64-v2-AES",
                "units": 1024
              }
            ],
            "description": "Managed by Terraform",
            "disk": [
              {
                "aio": "io_uring",
                "backup": true,
                "cache": "none",
                "datastore_id": "local-lvm",
                "discard": "ignore",
                "file_format": "raw",
                "file_id": "local:iso/jammy-server-cloudimg-amd64.img",
                "interface": "scsi0",
                "iothread": false,
                "path_in_datastore": "vm-1000-disk-1",
                "replicate": true,
                "serial": "",
                "size": 8,
                "speed": [],
                "ssd": false
              }
            ],
            "efi_disk": [],
            "hook_script_file_id": null,
            "hostpci": [],
            "id": "1000",
            "initialization": [
              {
                "datastore_id": "local-lvm",
                "dns": [
                  {
                    "domain": "",
                    "server": "",
                    "servers": [
                      "8.8.8.8"
                    ]
                  }
                ],
                "interface": "ide2",
                "ip_config": [
                  {
                    "ipv4": [
                      {
                        "address": "192.168.1.183/24",
                        "gateway": "192.168.1.1"
                      }
                    ],
                    "ipv6": []
                  }
                ],
                "meta_data_file_id": "",
                "network_data_file_id": "",
                "type": "",
                "upgrade": false,
                "user_account": [
                  {
                    "keys": [],
                    "password": "**********",
                    "username": "nattapong"
                  }
                ],
                "user_data_file_id": "",
                "vendor_data_file_id": ""
              }
            ],
            "ipv4_addresses": [],
            "ipv6_addresses": [],
            "keyboard_layout": "en-us",
            "kvm_arguments": "",
            "mac_addresses": [
              "BC:24:11:FD:59:F9"
            ],
            "machine": "",
            "memory": [
              {
                "dedicated": 2048,
                "floating": 2048,
                "hugepages": "",
                "keep_hugepages": false,
                "shared": 0
              }
            ],
            "migrate": false,
            "name": "controlplane",
            "network_device": [
              {
                "bridge": "vmbr0",
                "disconnected": false,
                "enabled": true,
                "firewall": false,
                "mac_address": "BC:24:11:FD:59:F9",
                "model": "virtio",
                "mtu": 0,
                "queues": 0,
                "rate_limit": 0,
                "trunks": "",
                "vlan_id": 0
              }
            ],
            "network_interface_names": [],
            "node_name": "proxmox",
            "numa": [],
            "on_boot": true,
            "operating_system": [
              {
                "type": "l26"
              }
            ],
            "pool_id": null,
            "protection": false,
            "reboot": false,
            "scsi_hardware": "virtio-scsi-pci",
            "serial_device": [
              {
                "device": "socket"
              }
            ],
            "smbios": [],
            "started": true,
            "startup": [
              {
                "down_delay": 60,
                "order": 3,
                "up_delay": 60
              }
            ],
            "stop_on_destroy": true,
            "tablet_device": true,
            "tags": [
              "terraform",
              "ubuntu"
            ],
            "template": false,
            "timeout_clone": 1800,
            "timeout_create": 1800,
            "timeout_migrate": 1800,
            "timeout_move_disk": 1800,
            "timeout_reboot": 1800,
            "timeout_shutdown_vm": 1800,
            "timeout_start_vm": 1800,
            "timeout_stop_vm": 300,
            "tpm_state": [
              {
                "datastore_id": "local-lvm",
                "version": "v2.0"
              }
            ],
            "usb": [],
            "vga": [],
            "vm_id": 1000,
            "watchdog": []
          },
          "sensitive_attributes": [
            [
              {
                "type": "get_attr",
                "value": "initialization"
              },
              {
                "type": "index",
                "value": {
                  "value": 0,
                  "type": "number"
                }
              },
              {
                "type": "get_attr",
                "value": "user_account"
              },
              {
                "type": "index",
                "value": {
                  "value": 0,
                  "type": "number"
                }
              },
              {
                "type": "get_attr",
                "value": "password"
              }
            ]
          ],
          "private": "bnVsbA==",
          "dependencies": [
            "proxmox_virtual_environment_download_file.latest_ubuntu_22_jammy_qcow2_img"
          ]
        }
      ]
    },
    {
      "mode": "managed",
      "type": "proxmox_virtual_environment_vm",
      "name": "worker-node01",
      "provider": "provider[\"registry.terraform.io/bpg/proxmox\"]",
      "instances": [
        {
          "schema_version": 0,
          "attributes": {
            "acpi": true,
            "agent": [
              {
                "enabled": false,
                "timeout": "15m",
                "trim": false,
                "type": "virtio"
              }
            ],
            "audio_device": [],
            "bios": "seabios",
            "boot_order": null,
            "cdrom": [],
            "clone": [],
            "cpu": [
              {
                "affinity": "",
                "architecture": "",
                "cores": 2,
                "flags": [],
                "hotplugged": 0,
                "limit": 0,
                "numa": false,
                "sockets": 1,
                "type": "x86-64-v2-AES",
                "units": 1024
              }
            ],
            "description": "Managed by Terraform",
            "disk": [
              {
                "aio": "io_uring",
                "backup": true,
                "cache": "none",
                "datastore_id": "local-lvm",
                "discard": "ignore",
                "file_format": "raw",
                "file_id": "local:iso/jammy-server-cloudimg-amd64.img",
                "interface": "scsi0",
                "iothread": false,
                "path_in_datastore": "vm-2001-disk-1",
                "replicate": true,
                "serial": "",
                "size": 8,
                "speed": [],
                "ssd": false
              }
            ],
            "efi_disk": [],
            "hook_script_file_id": null,
            "hostpci": [],
            "id": "2001",
            "initialization": [
              {
                "datastore_id": "local-lvm",
                "dns": [
                  {
                    "domain": "",
                    "server": "",
                    "servers": [
                      "8.8.8.8"
                    ]
                  }
                ],
                "interface": "ide2",
                "ip_config": [
                  {
                    "ipv4": [
                      {
                        "address": "192.168.1.199/24",
                        "gateway": "192.168.1.1"
                      }
                    ],
                    "ipv6": []
                  }
                ],
                "meta_data_file_id": "",
                "network_data_file_id": "",
                "type": "",
                "upgrade": false,
                "user_account": [
                  {
                    "keys": [],
                    "password": "**********",
                    "username": "nattapong"
                  }
                ],
                "user_data_file_id": "",
                "vendor_data_file_id": ""
              }
            ],
            "ipv4_addresses": [],
            "ipv6_addresses": [],
            "keyboard_layout": "en-us",
            "kvm_arguments": "",
            "mac_addresses": [
              "BC:24:11:63:74:F9"
            ],
            "machine": "",
            "memory": [
              {
                "dedicated": 2048,
                "floating": 2048,
                "hugepages": "",
                "keep_hugepages": false,
                "shared": 0
              }
            ],
            "migrate": false,
            "name": "node01",
            "network_device": [
              {
                "bridge": "vmbr0",
                "disconnected": false,
                "enabled": true,
                "firewall": false,
                "mac_address": "BC:24:11:63:74:F9",
                "model": "virtio",
                "mtu": 0,
                "queues": 0,
                "rate_limit": 0,
                "trunks": "",
                "vlan_id": 0
              }
            ],
            "network_interface_names": [],
            "node_name": "proxmox",
            "numa": [],
            "on_boot": true,
            "operating_system": [
              {
                "type": "l26"
              }
            ],
            "pool_id": null,
            "protection": false,
            "reboot": false,
            "scsi_hardware": "virtio-scsi-pci",
            "serial_device": [
              {
                "device": "socket"
              }
            ],
            "smbios": [],
            "started": true,
            "startup": [
              {
                "down_delay": 60,
                "order": 3,
                "up_delay": 60
              }
            ],
            "stop_on_destroy": true,
            "tablet_device": true,
            "tags": [
              "terraform",
              "ubuntu"
            ],
            "template": false,
            "timeout_clone": 1800,
            "timeout_create": 1800,
            "timeout_migrate": 1800,
            "timeout_move_disk": 1800,
            "timeout_reboot": 1800,
            "timeout_shutdown_vm": 1800,
            "timeout_start_vm": 1800,
            "timeout_stop_vm": 300,
            "tpm_state": [
              {
                "datastore_id": "local-lvm",
                "version": "v2.0"
              }
            ],
            "usb": [],
            "vga": [],
            "vm_id": 2001,
            "watchdog": []
          },
          "sensitive_attributes": [
            [
              {
                "type": "get_attr",
                "value": "initialization"
              },
              {
                "type": "index",
                "value": {
                  "value": 0,
                  "type": "number"
                }
              },
              {
                "type": "get_attr",
                "value": "user_account"
              },
              {
                "type": "index",
                "value": {
                  "value": 0,
                  "type": "number"
                }
              },
              {
                "type": "get_attr",
                "value": "password"
              }
            ]
          ],
          "private": "bnVsbA==",
          "dependencies": [
            "proxmox_virtual_environment_download_file.latest_ubuntu_22_jammy_qcow2_img"
          ]
        }
      ]
    },
    {
      "mode": "managed",
      "type": "proxmox_virtual_environment_vm",
      "name": "worker-node02",
      "provider": "provider[\"registry.terraform.io/bpg/proxmox\"]",
      "instances": [
        {
          "schema_version": 0,
          "attributes": {
            "acpi": true,
            "agent": [
              {
                "enabled": false,
                "timeout": "15m",
                "trim": false,
                "type": "virtio"
              }
            ],
            "audio_device": [],
            "bios": "seabios",
            "boot_order": null,
            "cdrom": [],
            "clone": [],
            "cpu": [
              {
                "affinity": "",
                "architecture": "",
                "cores": 2,
                "flags": null,
                "hotplugged": 0,
                "limit": 0,
                "numa": false,
                "sockets": 1,
                "type": "x86-64-v2-AES",
                "units": 1024
              }
            ],
            "description": "Managed by Terraform",
            "disk": [
              {
                "aio": "io_uring",
                "backup": true,
                "cache": "none",
                "datastore_id": "local-lvm",
                "discard": "ignore",
                "file_format": "raw",
                "file_id": "local:iso/jammy-server-cloudimg-amd64.img",
                "interface": "scsi0",
                "iothread": false,
                "path_in_datastore": "vm-2002-disk-1",
                "replicate": true,
                "serial": "",
                "size": 8,
                "speed": [],
                "ssd": false
              }
            ],
            "efi_disk": [],
            "hook_script_file_id": null,
            "hostpci": [],
            "id": "2002",
            "initialization": [
              {
                "datastore_id": "local-lvm",
                "dns": [
                  {
                    "domain": "",
                    "server": "",
                    "servers": [
                      "8.8.8.8"
                    ]
                  }
                ],
                "interface": "ide2",
                "ip_config": [
                  {
                    "ipv4": [
                      {
                        "address": "192.168.1.200/24",
                        "gateway": "192.168.1.1"
                      }
                    ],
                    "ipv6": []
                  }
                ],
                "meta_data_file_id": "",
                "network_data_file_id": "",
                "type": "",
                "upgrade": false,
                "user_account": [
                  {
                    "keys": [
                      "ssh-rsa AAAAB3NzaC1yc2EAAAADAQABAAABAQDE97RXbPlLUFfTwwlvEF72A9yULAjmWRDPQGvPKVHkOJutsJQLS2+cFRqnXwW5IVM1+4V9UaCXErA5OWIdSQ1DnWC3Ksz5dmxV59Tw4BRFt1iqrFqUwMX830eKiA1X6dfiD+Kw4k5j3zZ+a8aj3YLcJ0buBwLLEXM3x9rjBgwzLAtER/6MOqFA83irSfqswxR1X/ztC9TIgDZ071ZE0sFXrCXoPX6cbIuQve1ttLveF5CRNxJ/o+sEZ94UQ0rAbeKYgQPje6qkFduKHhkxz2LzXw3RQ3L/ozU16OPbE5w2z6ZIdtnisB/Zz2vr1VODfX1K8zCJr88lMMMmDfMMjHP5"
                    ],
                    "password": "**********",
                    "username": "nattapong"
                  }
                ],
                "user_data_file_id": "",
                "vendor_data_file_id": ""
              }
            ],
            "ipv4_addresses": [],
            "ipv6_addresses": [],
            "keyboard_layout": "en-us",
            "kvm_arguments": "",
            "mac_addresses": [
              "BC:24:11:8B:D0:98"
            ],
            "machine": "",
            "memory": [
              {
                "dedicated": 2048,
                "floating": 2048,
                "hugepages": "",
                "keep_hugepages": false,
                "shared": 0
              }
            ],
            "migrate": false,
            "name": "node02",
            "network_device": [
              {
                "bridge": "vmbr0",
                "disconnected": false,
                "enabled": true,
                "firewall": false,
                "mac_address": "BC:24:11:8B:D0:98",
                "model": "virtio",
                "mtu": 0,
                "queues": 0,
                "rate_limit": 0,
                "trunks": "",
                "vlan_id": 0
              }
            ],
            "network_interface_names": [],
            "node_name": "proxmox",
            "numa": [],
            "on_boot": true,
            "operating_system": [
              {
                "type": "l26"
              }
            ],
            "pool_id": null,
            "protection": false,
            "reboot": false,
            "scsi_hardware": "virtio-scsi-pci",
            "serial_device": [
              {
                "device": "socket"
              }
            ],
            "smbios": [],
            "started": true,
            "startup": [
              {
                "down_delay": 60,
                "order": 3,
                "up_delay": 60
              }
            ],
            "stop_on_destroy": true,
            "tablet_device": true,
            "tags": [
              "terraform",
              "ubuntu"
            ],
            "template": false,
            "timeout_clone": 1800,
            "timeout_create": 1800,
            "timeout_migrate": 1800,
            "timeout_move_disk": 1800,
            "timeout_reboot": 1800,
            "timeout_shutdown_vm": 1800,
            "timeout_start_vm": 1800,
            "timeout_stop_vm": 300,
            "tpm_state": [
              {
                "datastore_id": "local-lvm",
                "version": "v2.0"
              }
            ],
            "usb": [],
            "vga": [],
            "vm_id": 2002,
            "watchdog": []
          },
          "sensitive_attributes": [
            [
              {
                "type": "get_attr",
                "value": "initialization"
              },
              {
                "type": "index",
                "value": {
                  "value": 0,
                  "type": "number"
                }
              },
              {
                "type": "get_attr",
                "value": "user_account"
              },
              {
                "type": "index",
                "value": {
                  "value": 0,
                  "type": "number"
                }
              },
              {
                "type": "get_attr",
                "value": "password"
              }
            ]
          ],
          "private": "bnVsbA==",
          "dependencies": [
            "proxmox_virtual_environment_download_file.latest_ubuntu_22_jammy_qcow2_img",
            "tls_private_key.ubuntu_vm_key"
          ]
        }
      ]
    },
    {
      "mode": "managed",
      "type": "random_password",
      "name": "ubuntu_vm_password",
      "provider": "provider[\"registry.terraform.io/hashicorp/random\"]",
      "instances": [
        {
          "schema_version": 3,
          "attributes": {
            "bcrypt_hash": "$2a$10$36PXnF6nCpIKlYWn9HLQnesueKHHXxQRZljlK8j8qxBN5EvokwUZe",
            "id": "none",
            "keepers": null,
            "length": 16,
            "lower": true,
            "min_lower": 0,
            "min_numeric": 0,
            "min_special": 0,
            "min_upper": 0,
            "number": true,
            "numeric": true,
            "override_special": "_%@",
            "result": "hXATndBIB7X%fGXm",
            "special": true,
            "upper": true
          },
          "sensitive_attributes": [
            [
              {
                "type": "get_attr",
                "value": "result"
              }
            ],
            [
              {
                "type": "get_attr",
                "value": "bcrypt_hash"
              }
            ]
          ]
        }
      ]
    },
    {
      "mode": "managed",
      "type": "tls_private_key",
      "name": "ubuntu_vm_key",
      "provider": "provider[\"registry.terraform.io/hashicorp/tls\"]",
      "instances": [
        {
          "schema_version": 1,
          "attributes": {
            "algorithm": "RSA",
            "ecdsa_curve": "P224",
            "id": "913c275239331fbe4d6eb4a78054ad0b3c9e2449",
            "private_key_openssh": "-----BEGIN OPENSSH PRIVATE KEY-----\nb3BlbnNzaC1rZXktdjEAAAAABG5vbmUAAAAEbm9uZQAAAAAAAAABAAABFwAAAAdz\nc2gtcnNhAAAAAwEAAQAAAQEAxPe0V2z5S1BX08MJbxBe9gPclCwI5lkQz0BrzylR\n5DibrbCUC0tvnBUap18FuSFTNfuFfVGglxKwOTliHUkNQ51gtyrM+XZsVefU8OAU\nRbdYqqxalMDF/N9HiogNV+nX4g/isOJOY982fmvGo92C3CdG7gcCyxFzN8fa4wYM\nMywLREf+jDqhQPN4q0n6rMMUdV/87QvUyIA2dO9WRNLBV6wl6D1+nGyLkL3tbbS7\n3heQkTcSf6PrBGfeFENKwG3imIED43uqpBXbih4ZMc9i818N0UNy/6M1Nejj2xOc\nNs+mSHbZ4rAf2c9r69VTg319SvMwia/PJTDDJg3zDIxz+QAAA7jbtobb27aG2wAA\nAAdzc2gtcnNhAAABAQDE97RXbPlLUFfTwwlvEF72A9yULAjmWRDPQGvPKVHkOJut\nsJQLS2+cFRqnXwW5IVM1+4V9UaCXErA5OWIdSQ1DnWC3Ksz5dmxV59Tw4BRFt1iq\nrFqUwMX830eKiA1X6dfiD+Kw4k5j3zZ+a8aj3YLcJ0buBwLLEXM3x9rjBgwzLAtE\nR/6MOqFA83irSfqswxR1X/ztC9TIgDZ071ZE0sFXrCXoPX6cbIuQve1ttLveF5CR\nNxJ/o+sEZ94UQ0rAbeKYgQPje6qkFduKHhkxz2LzXw3RQ3L/ozU16OPbE5w2z6ZI\ndtnisB/Zz2vr1VODfX1K8zCJr88lMMMmDfMMjHP5AAAAAwEAAQAAAQEAltJyBmvM\nbK4lwmJbK+9mN413bwJVAkV7CKf0pZmnOlFaa+KFSizGVscWNMkfMcZh2Dkz22UQ\nyf2mcPsOtQwGGxs8PqWIdREIHbO6q4N6InQlcfMuHS+Lq3kxZ9OMHCBUjabKV9XC\nXtlB+gX/AeURWhC9UHCP4/0Fs9XWNvafiuI70/Ag8rNNjc9T46x69dFeLyeuSIjy\nhAuGolubFpdg4T6d6oIsqafz8KnBa8Ebmcdma59ci6B/B6bwbxN7wAvPhCCnzs76\nC2dhh0eQVteABVgObKM+JGI5EEZdUHJaUpGuGT2rjDNgPVAGKvllqlsc8CguHMMF\nLit/bFJ4Q53MvQAAAIB7gUSS6cr857fDbo7wqb7qs9g/ESYthogpFIfOHYMu9HoQ\ntiqW9X1ImwesAojSfkxO9eQT6w9+LcMJV4ypMUIoD9vC1PKD9LzB4oECvbUGovsQ\nP6+HmPZ8ZIGLm5/cCgKHFT+QaE/n/fVDz1fsCTulJi55T8qlWLbhgr2IDVICCgAA\nAIEA2JIkrlMG/JERYDGOAwu0iUFQZSGQBmqoJnniOJkys/+CdMbA2SwrYtCXymLb\n97dq0+Y2mjP2L9/Pai7gmvPwYgl3lZ5nw5iBr+WiEqpRTyRLiLD658EW2r3wOJND\nI7reBa4BBPdP451nzwOhR6HcGceuPOFCgg+YYxYLdQT9DtsAAACBAOjT5hUr3Egg\nwXv+A9JGkqcitPXjRRqz8arp6iYsXsNOPP1LAuG6E+wzI7vVtBiWvvAApi+LrgDO\nUm5ynw6Fzaleo8BaW0K6vv3LIwOs8THWC1Vk//5zFcFiqoDlANe2CF2c9L0SRiEq\nL8GKKZsXnSNH0qzwQMRNK7V0YQG5me67AAAAAAEC\n-----END OPENSSH PRIVATE KEY-----\n",
            "private_key_pem": "-----BEGIN RSA PRIVATE KEY-----\nMIIEpQIBAAKCAQEAxPe0V2z5S1BX08MJbxBe9gPclCwI5lkQz0BrzylR5DibrbCU\nC0tvnBUap18FuSFTNfuFfVGglxKwOTliHUkNQ51gtyrM+XZsVefU8OAURbdYqqxa\nlMDF/N9HiogNV+nX4g/isOJOY982fmvGo92C3CdG7gcCyxFzN8fa4wYMMywLREf+\njDqhQPN4q0n6rMMUdV/87QvUyIA2dO9WRNLBV6wl6D1+nGyLkL3tbbS73heQkTcS\nf6PrBGfeFENKwG3imIED43uqpBXbih4ZMc9i818N0UNy/6M1Nejj2xOcNs+mSHbZ\n4rAf2c9r69VTg319SvMwia/PJTDDJg3zDIxz+QIDAQABAoIBAQCW0nIGa8xsriXC\nYlsr72Y3jXdvAlUCRXsIp/Slmac6UVpr4oVKLMZWxxY0yR8xxmHYOTPbZRDJ/aZw\n+w61DAYbGzw+pYh1EQgds7qrg3oidCVx8y4dL4ureTFn04wcIFSNpspX1cJe2UH6\nBf8B5RFaEL1QcI/j/QWz1dY29p+K4jvT8CDys02Nz1PjrHr10V4vJ65IiPKEC4ai\nW5sWl2DhPp3qgiypp/PwqcFrwRuZx2Zrn1yLoH8HpvBvE3vAC8+EIKfOzvoLZ2GH\nR5BW14AFWA5soz4kYjkQRl1QclpSka4ZPauMM2A9UAYq+WWqWxzwKC4cwwUuK39s\nUnhDncy9AoGBANiSJK5TBvyREWAxjgMLtIlBUGUhkAZqqCZ54jiZMrP/gnTGwNks\nK2LQl8pi2/e3atPmNpoz9i/fz2ou4Jrz8GIJd5WeZ8OYga/lohKqUU8kS4iw+ufB\nFtq98DiTQyO63gWuAQT3T+OdZ88DoUeh3BnHrjzhQoIPmGMWC3UE/Q7bAoGBAOjT\n5hUr3EggwXv+A9JGkqcitPXjRRqz8arp6iYsXsNOPP1LAuG6E+wzI7vVtBiWvvAA\npi+LrgDOUm5ynw6Fzaleo8BaW0K6vv3LIwOs8THWC1Vk//5zFcFiqoDlANe2CF2c\n9L0SRiEqL8GKKZsXnSNH0qzwQMRNK7V0YQG5me67AoGBAJ01MOVOJdMvJxLRxgmV\n9J5xx/8xZtARmjAb58g4BOM+hZ9pK1I6SuA3FQh3zL876JMbGOXE9F96MqEcmDRD\nAWrY/nKggygry3A42/Z6pf0yFpaKCggzVPjCSd93npQQMNykm97T+6z5dQKD2w4Z\ng6E/Hs7YoaOx2GeM+BIg5eVjAoGBANSHMLxcqByTAescCQL19sJoFQVq6tagMVaR\nZXJpCCuBjHyt7zh7cdonKFQ6k8XqPOq5vPkjqLcFnwtAx94q13vmbtWT5UA5VUQ4\nHIMrZ5PVTc0qf98V0GMRnJBB+g3uFR7WujSorKlzZ9pkMuxmlsLwueew+33075QY\nYsB/WnsnAoGAe4FEkunK/Oe3w26O8Km+6rPYPxEmLYaIKRSHzh2DLvR6ELYqlvV9\nSJsHrAKI0n5MTvXkE+sPfi3DCVeMqTFCKA/bwtTyg/S8weKBAr21BqL7ED+vh5j2\nfGSBi5uf3AoChxU/kGhP5/31Q89X7Ak7pSYueU/KpVi24YK9iA1SAgo=\n-----END RSA PRIVATE KEY-----\n",
            "private_key_pem_pkcs8": "-----BEGIN PRIVATE KEY-----\nMIIEvwIBADANBgkqhkiG9w0BAQEFAASCBKkwggSlAgEAAoIBAQDE97RXbPlLUFfT\nwwlvEF72A9yULAjmWRDPQGvPKVHkOJutsJQLS2+cFRqnXwW5IVM1+4V9UaCXErA5\nOWIdSQ1DnWC3Ksz5dmxV59Tw4BRFt1iqrFqUwMX830eKiA1X6dfiD+Kw4k5j3zZ+\na8aj3YLcJ0buBwLLEXM3x9rjBgwzLAtER/6MOqFA83irSfqswxR1X/ztC9TIgDZ0\n71ZE0sFXrCXoPX6cbIuQve1ttLveF5CRNxJ/o+sEZ94UQ0rAbeKYgQPje6qkFduK\nHhkxz2LzXw3RQ3L/ozU16OPbE5w2z6ZIdtnisB/Zz2vr1VODfX1K8zCJr88lMMMm\nDfMMjHP5AgMBAAECggEBAJbScgZrzGyuJcJiWyvvZjeNd28CVQJFewin9KWZpzpR\nWmvihUosxlbHFjTJHzHGYdg5M9tlEMn9pnD7DrUMBhsbPD6liHURCB2zuquDeiJ0\nJXHzLh0vi6t5MWfTjBwgVI2mylfVwl7ZQfoF/wHlEVoQvVBwj+P9BbPV1jb2n4ri\nO9PwIPKzTY3PU+OsevXRXi8nrkiI8oQLhqJbmxaXYOE+neqCLKmn8/CpwWvBG5nH\nZmufXIugfwem8G8Te8ALz4Qgp87O+gtnYYdHkFbXgAVYDmyjPiRiORBGXVByWlKR\nrhk9q4wzYD1QBir5ZapbHPAoLhzDBS4rf2xSeEOdzL0CgYEA2JIkrlMG/JERYDGO\nAwu0iUFQZSGQBmqoJnniOJkys/+CdMbA2SwrYtCXymLb97dq0+Y2mjP2L9/Pai7g\nmvPwYgl3lZ5nw5iBr+WiEqpRTyRLiLD658EW2r3wOJNDI7reBa4BBPdP451nzwOh\nR6HcGceuPOFCgg+YYxYLdQT9DtsCgYEA6NPmFSvcSCDBe/4D0kaSpyK09eNFGrPx\nqunqJixew048/UsC4boT7DMju9W0GJa+8ACmL4uuAM5SbnKfDoXNqV6jwFpbQrq+\n/csjA6zxMdYLVWT//nMVwWKqgOUA17YIXZz0vRJGISovwYopmxedI0fSrPBAxE0r\ntXRhAbmZ7rsCgYEAnTUw5U4l0y8nEtHGCZX0nnHH/zFm0BGaMBvnyDgE4z6Fn2kr\nUjpK4DcVCHfMvzvokxsY5cT0X3oyoRyYNEMBatj+cqCDKCvLcDjb9nql/TIWlooK\nCDNU+MJJ33eelBAw3KSb3tP7rPl1AoPbDhmDoT8eztiho7HYZ4z4EiDl5WMCgYEA\n1IcwvFyoHJMB6xwJAvX2wmgVBWrq1qAxVpFlcmkIK4GMfK3vOHtx2icoVDqTxeo8\n6rm8+SOotwWfC0DH3irXe+Zu1ZPlQDlVRDgcgytnk9VNzSp/3xXQYxGckEH6De4V\nHta6NKisqXNn2mQy7GaWwvC557D7ffTvlBhiwH9aeycCgYB7gUSS6cr857fDbo7w\nqb7qs9g/ESYthogpFIfOHYMu9HoQtiqW9X1ImwesAojSfkxO9eQT6w9+LcMJV4yp\nMUIoD9vC1PKD9LzB4oECvbUGovsQP6+HmPZ8ZIGLm5/cCgKHFT+QaE/n/fVDz1fs\nCTulJi55T8qlWLbhgr2IDVICCg==\n-----END PRIVATE KEY-----\n",
            "public_key_fingerprint_md5": "43:d2:b3:6c:88:16:f0:3c:a2:3d:b6:b8:8f:00:fd:be",
            "public_key_fingerprint_sha256": "SHA256:0NffWj0PBxGvDM5OV6fcZxpVNVUQB8dbuZnqXxB+JlM",
            "public_key_openssh": "ssh-rsa AAAAB3NzaC1yc2EAAAADAQABAAABAQDE97RXbPlLUFfTwwlvEF72A9yULAjmWRDPQGvPKVHkOJutsJQLS2+cFRqnXwW5IVM1+4V9UaCXErA5OWIdSQ1DnWC3Ksz5dmxV59Tw4BRFt1iqrFqUwMX830eKiA1X6dfiD+Kw4k5j3zZ+a8aj3YLcJ0buBwLLEXM3x9rjBgwzLAtER/6MOqFA83irSfqswxR1X/ztC9TIgDZ071ZE0sFXrCXoPX6cbIuQve1ttLveF5CRNxJ/o+sEZ94UQ0rAbeKYgQPje6qkFduKHhkxz2LzXw3RQ3L/ozU16OPbE5w2z6ZIdtnisB/Zz2vr1VODfX1K8zCJr88lMMMmDfMMjHP5\n",
            "public_key_pem": "-----BEGIN PUBLIC KEY-----\nMIIBIjANBgkqhkiG9w0BAQEFAAOCAQ8AMIIBCgKCAQEAxPe0V2z5S1BX08MJbxBe\n9gPclCwI5lkQz0BrzylR5DibrbCUC0tvnBUap18FuSFTNfuFfVGglxKwOTliHUkN\nQ51gtyrM+XZsVefU8OAURbdYqqxalMDF/N9HiogNV+nX4g/isOJOY982fmvGo92C\n3CdG7gcCyxFzN8fa4wYMMywLREf+jDqhQPN4q0n6rMMUdV/87QvUyIA2dO9WRNLB\nV6wl6D1+nGyLkL3tbbS73heQkTcSf6PrBGfeFENKwG3imIED43uqpBXbih4ZMc9i\n818N0UNy/6M1Nejj2xOcNs+mSHbZ4rAf2c9r69VTg319SvMwia/PJTDDJg3zDIxz\n+QIDAQAB\n-----END PUBLIC KEY-----\n",
            "rsa_bits": 2048
          },
          "sensitive_attributes": [
            [
              {
                "type": "get_attr",
                "value": "private_key_openssh"
              }
            ],
            [
              {
                "type": "get_attr",
                "value": "private_key_pem_pkcs8"
              }
            ],
            [
              {
                "type": "get_attr",
                "value": "private_key_pem"
              }
            ]
          ]
        }
      ]
    }
  ],
  "check_results": null
}
